{
  "nodes": {
    "nixpkgs": {
      "locked": {
        "lastModified": 1783522502,
        "narHash": "sha256-iffAls3iaNTyJC2faYcUXSI+Gp02cDjYl+MygxKl2GI=",
        "owner": "nixos",
        "repo": "nixpkgs",
        "rev": "0bb7ec54c8483066ec9d7720e780a5caa71f8612",
        "type": "github"
      },
      "original": {
        "owner": "nixos",
        "ref": "nixos-unstable",
        "repo": "nixpkgs",
        "type": "github"
      }
    },
    "nixpkgs-vvl": {
      "locked": {
        "lastModified": 1783521691,
        "narHash": "sha256-JIM61YZ7nJMBVkOcUMN23dBALarvDHWNAND87jPZv34=",
        "owner": "nixos",
        "repo": "nixpkgs",
        "rev": "49928bd4ad0aa8fb021c1ac71e8dc5921abf9783",
        "type": "github"
      },
      "original": {
        "owner": "nixos",
        "repo": "nixpkgs",
        "rev": "49928bd4ad0aa8fb021c1ac71e8dc5921abf9783",
        "type": "github"
      }
    },
    "root": {
      "inputs": {
        "nixpkgs": "nixpkgs",
        "nixpkgs-vvl": "nixpkgs-vvl"
      }
    }
  },
  "root": "root",
  "version": 7
}
